
Microsoft Visual Studio Solution File, Format Version 12.00
# Visual Studio Version 17
VisualStudioVersion = 17.7.34003.232
MinimumVisualStudioVersion = 10.0.40219.1
Project("{FAE04EC0-301F-11D3-BF4B-00C04F79EFBC}") = "Registered Tennant", "Registered Tennant\Registered Tennant.csproj", "{A3E63ADC-FA8A-4CC5-A1DD-F3526A2AA3F6}"
EndProject
Global
	GlobalSection(SolutionConfigurationPlatforms) = preSolution
		Debug|Any CPU = Debug|Any CPU
		Release|Any CPU = Release|Any CPU
	EndGlobalSection
	GlobalSection(ProjectConfigurationPlatforms) = postSolution
		{A3E63ADC-FA8A-4CC5-A1DD-F3526A2AA3F6}.Debug|Any CPU.ActiveCfg = Debug|Any CPU
		{A3E63ADC-FA8A-4CC5-A1DD-F3526A2AA3F6}.Debug|Any CPU.Build.0 = Debug|Any CPU
		{A3E63ADC-FA8A-4CC5-A1DD-F3526A2AA3F6}.Release|Any CPU.ActiveCfg = Release|Any CPU
		{A3E63ADC-FA8A-4CC5-A1DD-F3526A2AA3F6}.Release|Any CPU.Build.0 = Release|Any CPU
	EndGlobalSection
	GlobalSection(SolutionProperties) = preSolution
		HideSolutionNode = FALSE
	EndGlobalSection
	GlobalSection(ExtensibilityGlobals) = postSolution
		SolutionGuid = {5F51F285-B7FA-4D71-92DD-1A6D163833FA}
	EndGlobalSection
EndGlobal
